
Microsoft Visual Studio Solution File, Format Version 12.00
# Visual Studio Version 17
VisualStudioVersion = 17.12.35707.178
MinimumVisualStudioVersion = 10.0.40219.1
Project("{8BC9CEB8-8B4A-11D0-8D11-00A0C91BC942}") = "001_sum", "001_sum\001_sum.vcxproj", "{52A6424C-84D6-4969-A252-607896A82F00}"
EndProject
Project("{8BC9CEB8-8B4A-11D0-8D11-00A0C91BC942}") = "002 _circle", "002 _circle\002 _circle.vcxproj", "{571B16C4-47C3-4DC4-928E-8407336326E7}"
EndProject
Project("{8BC9CEB8-8B4A-11D0-8D11-00A0C91BC942}") = "003_rate", "003_rate\003_rate.vcxproj", "{3A4A9D47-F01D-4161-9C4A-5C643005491B}"
EndProject
Project("{8BC9CEB8-8B4A-11D0-8D11-00A0C91BC942}") = "004_double", "004_double\004_double.vcxproj", "{D97888EF-A629-4AC8-A01F-521F0EB8C058}"
EndProject
Project("{8BC9CEB8-8B4A-11D0-8D11-00A0C91BC942}") = "005_rectangle", "005_rectangle\005_rectangle.vcxproj", "{EAD17483-2CCD-48E8-9850-1E1B48A24A6F}"
EndProject
Project("{8BC9CEB8-8B4A-11D0-8D11-00A0C91BC942}") = "006_salary", "006_salary\006_salary.vcxproj", "{64A5F6B9-9617-41A7-8500-E28D1C4A24CE}"
EndProject
Project("{8BC9CEB8-8B4A-11D0-8D11-00A0C91BC942}") = "007_radix", "007_radix\007_radix.vcxproj", "{0B38508C-394F-4DAD-B896-D5258328DC44}"
EndProject
Project("{8BC9CEB8-8B4A-11D0-8D11-00A0C91BC942}") = "008_floatAndExp", "008_floatAndExp\008_floatAndExp.vcxproj", "{43BF6A81-1B74-4777-AD1A-31461954E242}"
EndProject
Project("{8BC9CEB8-8B4A-11D0-8D11-00A0C91BC942}") = "009_exponentialForamt", "009_exponentialForamt\009_exponentialForamt.vcxproj", "{979D5D30-429D-45F5-A218-AB7C5D238D95}"
EndProject
Project("{8BC9CEB8-8B4A-11D0-8D11-00A0C91BC942}") = "010_20digitsBelowPoint", "010_20digitsBelowPoint\010_20digitsBelowPoint.vcxproj", "{388B6685-3C56-42B0-AB38-B2D95013648C}"
EndProject
Project("{8BC9CEB8-8B4A-11D0-8D11-00A0C91BC942}") = "011_Ascii", "010_Ascii\010_Ascii.vcxproj", "{7EE9ADCC-5065-4AC3-B91B-06F599465B8A}"
EndProject
Project("{8BC9CEB8-8B4A-11D0-8D11-00A0C91BC942}") = "012_lightSpeed", "012_lightSpeed\012_lightSpeed.vcxproj", "{0D59668A-7889-47F5-B98E-C029D31AF5FD}"
EndProject
Project("{8BC9CEB8-8B4A-11D0-8D11-00A0C91BC942}") = "017_error", "017_error\017_error.vcxproj", "{507FB91C-AAA7-4B5E-9B58-0F77426CBF9A}"
EndProject
Project("{8BC9CEB8-8B4A-11D0-8D11-00A0C91BC942}") = "018_bit", "018_bit\018_bit.vcxproj", "{43D53FEE-6ABF-4E29-9026-7863C59E40E2}"
EndProject
Project("{8BC9CEB8-8B4A-11D0-8D11-00A0C91BC942}") = "015_max", "015_max\015_max.vcxproj", "{A0EF3CB7-FF45-4113-A394-298B362E094C}"
EndProject
Project("{8BC9CEB8-8B4A-11D0-8D11-00A0C91BC942}") = "020_quadEq", "20_quadEq\20_quadEq.vcxproj", "{9200FE5B-9DDC-425D-82F7-475DAF3E9677}"
EndProject
Project("{8BC9CEB8-8B4A-11D0-8D11-00A0C91BC942}") = "032_futureValue", "032_futureValue\032_futureValue.vcxproj", "{8A65DB03-4979-48D9-8228-2012E15E634D}"
EndProject
Project("{8BC9CEB8-8B4A-11D0-8D11-00A0C91BC942}") = "030_Pythagorean", "030_Pythagorean\030_Pythagorean.vcxproj", "{14C2EDFD-3A12-448A-8375-67B9A231039E}"
EndProject
Project("{8BC9CEB8-8B4A-11D0-8D11-00A0C91BC942}") = "028_factorial", "028_factorial\028_factorial.vcxproj", "{8B0A9F11-F1F4-46F9-A4F5-E6779EA1B617}"
EndProject
Project("{8BC9CEB8-8B4A-11D0-8D11-00A0C91BC942}") = "029_pyramid", "029_pyramid\029_pyramid.vcxproj", "{2443EC27-1FEC-4E99-8EAE-14B582F671AD}"
EndProject
Global
	GlobalSection(SolutionConfigurationPlatforms) = preSolution
		Debug|x64 = Debug|x64
		Debug|x86 = Debug|x86
		Release|x64 = Release|x64
		Release|x86 = Release|x86
	EndGlobalSection
	GlobalSection(ProjectConfigurationPlatforms) = postSolution
		{52A6424C-84D6-4969-A252-607896A82F00}.Debug|x64.ActiveCfg = Debug|x64
		{52A6424C-84D6-4969-A252-607896A82F00}.Debug|x64.Build.0 = Debug|x64
		{52A6424C-84D6-4969-A252-607896A82F00}.Debug|x86.ActiveCfg = Debug|Win32
		{52A6424C-84D6-4969-A252-607896A82F00}.Debug|x86.Build.0 = Debug|Win32
		{52A6424C-84D6-4969-A252-607896A82F00}.Release|x64.ActiveCfg = Release|x64
		{52A6424C-84D6-4969-A252-607896A82F00}.Release|x64.Build.0 = Release|x64
		{52A6424C-84D6-4969-A252-607896A82F00}.Release|x86.ActiveCfg = Release|Win32
		{52A6424C-84D6-4969-A252-607896A82F00}.Release|x86.Build.0 = Release|Win32
		{571B16C4-47C3-4DC4-928E-8407336326E7}.Debug|x64.ActiveCfg = Debug|x64
		{571B16C4-47C3-4DC4-928E-8407336326E7}.Debug|x64.Build.0 = Debug|x64
		{571B16C4-47C3-4DC4-928E-8407336326E7}.Debug|x86.ActiveCfg = Debug|Win32
		{571B16C4-47C3-4DC4-928E-8407336326E7}.Debug|x86.Build.0 = Debug|Win32
		{571B16C4-47C3-4DC4-928E-8407336326E7}.Release|x64.ActiveCfg = Release|x64
		{571B16C4-47C3-4DC4-928E-8407336326E7}.Release|x64.Build.0 = Release|x64
		{571B16C4-47C3-4DC4-928E-8407336326E7}.Release|x86.ActiveCfg = Release|Win32
		{571B16C4-47C3-4DC4-928E-8407336326E7}.Release|x86.Build.0 = Release|Win32
		{3A4A9D47-F01D-4161-9C4A-5C643005491B}.Debug|x64.ActiveCfg = Debug|x64
		{3A4A9D47-F01D-4161-9C4A-5C643005491B}.Debug|x64.Build.0 = Debug|x64
		{3A4A9D47-F01D-4161-9C4A-5C643005491B}.Debug|x86.ActiveCfg = Debug|Win32
		{3A4A9D47-F01D-4161-9C4A-5C643005491B}.Debug|x86.Build.0 = Debug|Win32
		{3A4A9D47-F01D-4161-9C4A-5C643005491B}.Release|x64.ActiveCfg = Release|x64
		{3A4A9D47-F01D-4161-9C4A-5C643005491B}.Release|x64.Build.0 = Release|x64
		{3A4A9D47-F01D-4161-9C4A-5C643005491B}.Release|x86.ActiveCfg = Release|Win32
		{3A4A9D47-F01D-4161-9C4A-5C643005491B}.Release|x86.Build.0 = Release|Win32
		{D97888EF-A629-4AC8-A01F-521F0EB8C058}.Debug|x64.ActiveCfg = Debug|x64
		{D97888EF-A629-4AC8-A01F-521F0EB8C058}.Debug|x64.Build.0 = Debug|x64
		{D97888EF-A629-4AC8-A01F-521F0EB8C058}.Debug|x86.ActiveCfg = Debug|Win32
		{D97888EF-A629-4AC8-A01F-521F0EB8C058}.Debug|x86.Build.0 = Debug|Win32
		{D97888EF-A629-4AC8-A01F-521F0EB8C058}.Release|x64.ActiveCfg = Release|x64
		{D97888EF-A629-4AC8-A01F-521F0EB8C058}.Release|x64.Build.0 = Release|x64
		{D97888EF-A629-4AC8-A01F-521F0EB8C058}.Release|x86.ActiveCfg = Release|Win32
		{D97888EF-A629-4AC8-A01F-521F0EB8C058}.Release|x86.Build.0 = Release|Win32
		{EAD17483-2CCD-48E8-9850-1E1B48A24A6F}.Debug|x64.ActiveCfg = Debug|x64
		{EAD17483-2CCD-48E8-9850-1E1B48A24A6F}.Debug|x64.Build.0 = Debug|x64
		{EAD17483-2CCD-48E8-9850-1E1B48A24A6F}.Debug|x86.ActiveCfg = Debug|Win32
		{EAD17483-2CCD-48E8-9850-1E1B48A24A6F}.Debug|x86.Build.0 = Debug|Win32
		{EAD17483-2CCD-48E8-9850-1E1B48A24A6F}.Release|x64.ActiveCfg = Release|x64
		{EAD17483-2CCD-48E8-9850-1E1B48A24A6F}.Release|x64.Build.0 = Release|x64
		{EAD17483-2CCD-48E8-9850-1E1B48A24A6F}.Release|x86.ActiveCfg = Release|Win32
		{EAD17483-2CCD-48E8-9850-1E1B48A24A6F}.Release|x86.Build.0 = Release|Win32
		{64A5F6B9-9617-41A7-8500-E28D1C4A24CE}.Debug|x64.ActiveCfg = Debug|x64
		{64A5F6B9-9617-41A7-8500-E28D1C4A24CE}.Debug|x64.Build.0 = Debug|x64
		{64A5F6B9-9617-41A7-8500-E28D1C4A24CE}.Debug|x86.ActiveCfg = Debug|Win32
		{64A5F6B9-9617-41A7-8500-E28D1C4A24CE}.Debug|x86.Build.0 = Debug|Win32
		{64A5F6B9-9617-41A7-8500-E28D1C4A24CE}.Release|x64.ActiveCfg = Release|x64
		{64A5F6B9-9617-41A7-8500-E28D1C4A24CE}.Release|x64.Build.0 = Release|x64
		{64A5F6B9-9617-41A7-8500-E28D1C4A24CE}.Release|x86.ActiveCfg = Release|Win32
		{64A5F6B9-9617-41A7-8500-E28D1C4A24CE}.Release|x86.Build.0 = Release|Win32
		{0B38508C-394F-4DAD-B896-D5258328DC44}.Debug|x64.ActiveCfg = Debug|x64
		{0B38508C-394F-4DAD-B896-D5258328DC44}.Debug|x64.Build.0 = Debug|x64
		{0B38508C-394F-4DAD-B896-D5258328DC44}.Debug|x86.ActiveCfg = Debug|Win32
		{0B38508C-394F-4DAD-B896-D5258328DC44}.Debug|x86.Build.0 = Debug|Win32
		{0B38508C-394F-4DAD-B896-D5258328DC44}.Release|x64.ActiveCfg = Release|x64
		{0B38508C-394F-4DAD-B896-D5258328DC44}.Release|x64.Build.0 = Release|x64
		{0B38508C-394F-4DAD-B896-D5258328DC44}.Release|x86.ActiveCfg = Release|Win32
		{0B38508C-394F-4DAD-B896-D5258328DC44}.Release|x86.Build.0 = Release|Win32
		{43BF6A81-1B74-4777-AD1A-31461954E242}.Debug|x64.ActiveCfg = Debug|x64
		{43BF6A81-1B74-4777-AD1A-31461954E242}.Debug|x64.Build.0 = Debug|x64
		{43BF6A81-1B74-4777-AD1A-31461954E242}.Debug|x86.ActiveCfg = Debug|Win32
		{43BF6A81-1B74-4777-AD1A-31461954E242}.Debug|x86.Build.0 = Debug|Win32
		{43BF6A81-1B74-4777-AD1A-31461954E242}.Release|x64.ActiveCfg = Release|x64
		{43BF6A81-1B74-4777-AD1A-31461954E242}.Release|x64.Build.0 = Release|x64
		{43BF6A81-1B74-4777-AD1A-31461954E242}.Release|x86.ActiveCfg = Release|Win32
		{43BF6A81-1B74-4777-AD1A-31461954E242}.Release|x86.Build.0 = Release|Win32
		{979D5D30-429D-45F5-A218-AB7C5D238D95}.Debug|x64.ActiveCfg = Debug|x64
		{979D5D30-429D-45F5-A218-AB7C5D238D95}.Debug|x64.Build.0 = Debug|x64
		{979D5D30-429D-45F5-A218-AB7C5D238D95}.Debug|x86.ActiveCfg = Debug|Win32
		{979D5D30-429D-45F5-A218-AB7C5D238D95}.Debug|x86.Build.0 = Debug|Win32
		{979D5D30-429D-45F5-A218-AB7C5D238D95}.Release|x64.ActiveCfg = Release|x64
		{979D5D30-429D-45F5-A218-AB7C5D238D95}.Release|x64.Build.0 = Release|x64
		{979D5D30-429D-45F5-A218-AB7C5D238D95}.Release|x86.ActiveCfg = Release|Win32
		{979D5D30-429D-45F5-A218-AB7C5D238D95}.Release|x86.Build.0 = Release|Win32
		{388B6685-3C56-42B0-AB38-B2D95013648C}.Debug|x64.ActiveCfg = Debug|x64
		{388B6685-3C56-42B0-AB38-B2D95013648C}.Debug|x64.Build.0 = Debug|x64
		{388B6685-3C56-42B0-AB38-B2D95013648C}.Debug|x86.ActiveCfg = Debug|Win32
		{388B6685-3C56-42B0-AB38-B2D95013648C}.Debug|x86.Build.0 = Debug|Win32
		{388B6685-3C56-42B0-AB38-B2D95013648C}.Release|x64.ActiveCfg = Release|x64
		{388B6685-3C56-42B0-AB38-B2D95013648C}.Release|x64.Build.0 = Release|x64
		{388B6685-3C56-42B0-AB38-B2D95013648C}.Release|x86.ActiveCfg = Release|Win32
		{388B6685-3C56-42B0-AB38-B2D95013648C}.Release|x86.Build.0 = Release|Win32
		{7EE9ADCC-5065-4AC3-B91B-06F599465B8A}.Debug|x64.ActiveCfg = Debug|x64
		{7EE9ADCC-5065-4AC3-B91B-06F599465B8A}.Debug|x64.Build.0 = Debug|x64
		{7EE9ADCC-5065-4AC3-B91B-06F599465B8A}.Debug|x86.ActiveCfg = Debug|Win32
		{7EE9ADCC-5065-4AC3-B91B-06F599465B8A}.Debug|x86.Build.0 = Debug|Win32
		{7EE9ADCC-5065-4AC3-B91B-06F599465B8A}.Release|x64.ActiveCfg = Release|x64
		{7EE9ADCC-5065-4AC3-B91B-06F599465B8A}.Release|x64.Build.0 = Release|x64
		{7EE9ADCC-5065-4AC3-B91B-06F599465B8A}.Release|x86.ActiveCfg = Release|Win32
		{7EE9ADCC-5065-4AC3-B91B-06F599465B8A}.Release|x86.Build.0 = Release|Win32
		{0D59668A-7889-47F5-B98E-C029D31AF5FD}.Debug|x64.ActiveCfg = Debug|x64
		{0D59668A-7889-47F5-B98E-C029D31AF5FD}.Debug|x64.Build.0 = Debug|x64
		{0D59668A-7889-47F5-B98E-C029D31AF5FD}.Debug|x86.ActiveCfg = Debug|Win32
		{0D59668A-7889-47F5-B98E-C029D31AF5FD}.Debug|x86.Build.0 = Debug|Win32
		{0D59668A-7889-47F5-B98E-C029D31AF5FD}.Release|x64.ActiveCfg = Release|x64
		{0D59668A-7889-47F5-B98E-C029D31AF5FD}.Release|x64.Build.0 = Release|x64
		{0D59668A-7889-47F5-B98E-C029D31AF5FD}.Release|x86.ActiveCfg = Release|Win32
		{0D59668A-7889-47F5-B98E-C029D31AF5FD}.Release|x86.Build.0 = Release|Win32
		{507FB91C-AAA7-4B5E-9B58-0F77426CBF9A}.Debug|x64.ActiveCfg = Debug|x64
		{507FB91C-AAA7-4B5E-9B58-0F77426CBF9A}.Debug|x64.Build.0 = Debug|x64
		{507FB91C-AAA7-4B5E-9B58-0F77426CBF9A}.Debug|x86.ActiveCfg = Debug|Win32
		{507FB91C-AAA7-4B5E-9B58-0F77426CBF9A}.Debug|x86.Build.0 = Debug|Win32
		{507FB91C-AAA7-4B5E-9B58-0F77426CBF9A}.Release|x64.ActiveCfg = Release|x64
		{507FB91C-AAA7-4B5E-9B58-0F77426CBF9A}.Release|x64.Build.0 = Release|x64
		{507FB91C-AAA7-4B5E-9B58-0F77426CBF9A}.Release|x86.ActiveCfg = Release|Win32
		{507FB91C-AAA7-4B5E-9B58-0F77426CBF9A}.Release|x86.Build.0 = Release|Win32
		{43D53FEE-6ABF-4E29-9026-7863C59E40E2}.Debug|x64.ActiveCfg = Debug|x64
		{43D53FEE-6ABF-4E29-9026-7863C59E40E2}.Debug|x64.Build.0 = Debug|x64
		{43D53FEE-6ABF-4E29-9026-7863C59E40E2}.Debug|x86.ActiveCfg = Debug|Win32
		{43D53FEE-6ABF-4E29-9026-7863C59E40E2}.Debug|x86.Build.0 = Debug|Win32
		{43D53FEE-6ABF-4E29-9026-7863C59E40E2}.Release|x64.ActiveCfg = Release|x64
		{43D53FEE-6ABF-4E29-9026-7863C59E40E2}.Release|x64.Build.0 = Release|x64
		{43D53FEE-6ABF-4E29-9026-7863C59E40E2}.Release|x86.ActiveCfg = Release|Win32
		{43D53FEE-6ABF-4E29-9026-7863C59E40E2}.Release|x86.Build.0 = Release|Win32
		{A0EF3CB7-FF45-4113-A394-298B362E094C}.Debug|x64.ActiveCfg = Debug|x64
		{A0EF3CB7-FF45-4113-A394-298B362E094C}.Debug|x64.Build.0 = Debug|x64
		{A0EF3CB7-FF45-4113-A394-298B362E094C}.Debug|x86.ActiveCfg = Debug|Win32
		{A0EF3CB7-FF45-4113-A394-298B362E094C}.Debug|x86.Build.0 = Debug|Win32
		{A0EF3CB7-FF45-4113-A394-298B362E094C}.Release|x64.ActiveCfg = Release|x64
		{A0EF3CB7-FF45-4113-A394-298B362E094C}.Release|x64.Build.0 = Release|x64
		{A0EF3CB7-FF45-4113-A394-298B362E094C}.Release|x86.ActiveCfg = Release|Win32
		{A0EF3CB7-FF45-4113-A394-298B362E094C}.Release|x86.Build.0 = Release|Win32
		{9200FE5B-9DDC-425D-82F7-475DAF3E9677}.Debug|x64.ActiveCfg = Debug|x64
		{9200FE5B-9DDC-425D-82F7-475DAF3E9677}.Debug|x64.Build.0 = Debug|x64
		{9200FE5B-9DDC-425D-82F7-475DAF3E9677}.Debug|x86.ActiveCfg = Debug|Win32
		{9200FE5B-9DDC-425D-82F7-475DAF3E9677}.Debug|x86.Build.0 = Debug|Win32
		{9200FE5B-9DDC-425D-82F7-475DAF3E9677}.Release|x64.ActiveCfg = Release|x64
		{9200FE5B-9DDC-425D-82F7-475DAF3E9677}.Release|x64.Build.0 = Release|x64
		{9200FE5B-9DDC-425D-82F7-475DAF3E9677}.Release|x86.ActiveCfg = Release|Win32
		{9200FE5B-9DDC-425D-82F7-475DAF3E9677}.Release|x86.Build.0 = Release|Win32
		{8A65DB03-4979-48D9-8228-2012E15E634D}.Debug|x64.ActiveCfg = Debug|x64
		{8A65DB03-4979-48D9-8228-2012E15E634D}.Debug|x64.Build.0 = Debug|x64
		{8A65DB03-4979-48D9-8228-2012E15E634D}.Debug|x86.ActiveCfg = Debug|Win32
		{8A65DB03-4979-48D9-8228-2012E15E634D}.Debug|x86.Build.0 = Debug|Win32
		{8A65DB03-4979-48D9-8228-2012E15E634D}.Release|x64.ActiveCfg = Release|x64
		{8A65DB03-4979-48D9-8228-2012E15E634D}.Release|x64.Build.0 = Release|x64
		{8A65DB03-4979-48D9-8228-2012E15E634D}.Release|x86.ActiveCfg = Release|Win32
		{8A65DB03-4979-48D9-8228-2012E15E634D}.Release|x86.Build.0 = Release|Win32
		{14C2EDFD-3A12-448A-8375-67B9A231039E}.Debug|x64.ActiveCfg = Debug|x64
		{14C2EDFD-3A12-448A-8375-67B9A231039E}.Debug|x64.Build.0 = Debug|x64
		{14C2EDFD-3A12-448A-8375-67B9A231039E}.Debug|x86.ActiveCfg = Debug|Win32
		{14C2EDFD-3A12-448A-8375-67B9A231039E}.Debug|x86.Build.0 = Debug|Win32
		{14C2EDFD-3A12-448A-8375-67B9A231039E}.Release|x64.ActiveCfg = Release|x64
		{14C2EDFD-3A12-448A-8375-67B9A231039E}.Release|x64.Build.0 = Release|x64
		{14C2EDFD-3A12-448A-8375-67B9A231039E}.Release|x86.ActiveCfg = Release|Win32
		{14C2EDFD-3A12-448A-8375-67B9A231039E}.Release|x86.Build.0 = Release|Win32
		{8B0A9F11-F1F4-46F9-A4F5-E6779EA1B617}.Debug|x64.ActiveCfg = Debug|x64
		{8B0A9F11-F1F4-46F9-A4F5-E6779EA1B617}.Debug|x64.Build.0 = Debug|x64
		{8B0A9F11-F1F4-46F9-A4F5-E6779EA1B617}.Debug|x86.ActiveCfg = Debug|Win32
		{8B0A9F11-F1F4-46F9-A4F5-E6779EA1B617}.Debug|x86.Build.0 = Debug|Win32
		{8B0A9F11-F1F4-46F9-A4F5-E6779EA1B617}.Release|x64.ActiveCfg = Release|x64
		{8B0A9F11-F1F4-46F9-A4F5-E6779EA1B617}.Release|x64.Build.0 = Release|x64
		{8B0A9F11-F1F4-46F9-A4F5-E6779EA1B617}.Release|x86.ActiveCfg = Release|Win32
		{8B0A9F11-F1F4-46F9-A4F5-E6779EA1B617}.Release|x86.Build.0 = Release|Win32
		{2443EC27-1FEC-4E99-8EAE-14B582F671AD}.Debug|x64.ActiveCfg = Debug|x64
		{2443EC27-1FEC-4E99-8EAE-14B582F671AD}.Debug|x64.Build.0 = Debug|x64
		{2443EC27-1FEC-4E99-8EAE-14B582F671AD}.Debug|x86.ActiveCfg = Debug|Win32
		{2443EC27-1FEC-4E99-8EAE-14B582F671AD}.Debug|x86.Build.0 = Debug|Win32
		{2443EC27-1FEC-4E99-8EAE-14B582F671AD}.Release|x64.ActiveCfg = Release|x64
		{2443EC27-1FEC-4E99-8EAE-14B582F671AD}.Release|x64.Build.0 = Release|x64
		{2443EC27-1FEC-4E99-8EAE-14B582F671AD}.Release|x86.ActiveCfg = Release|Win32
		{2443EC27-1FEC-4E99-8EAE-14B582F671AD}.Release|x86.Build.0 = Release|Win32
	EndGlobalSection
	GlobalSection(SolutionProperties) = preSolution
		HideSolutionNode = FALSE
	EndGlobalSection
EndGlobal
